
Microsoft Visual Studio Solution File, Format Version 12.00
# Visual Studio 15
VisualStudioVersion = 15.0.28307.102
MinimumVisualStudioVersion = 10.0.40219.1
Project("{FAE04EC0-301F-11D3-BF4B-00C04F79EFBC}") = "LZLearn", "LZLearn\LZLearn.csproj", "{73E05FDB-6E3E-40F1-87B4-0E92B63A8C4E}"
EndProject
Global
	GlobalSection(SolutionConfigurationPlatforms) = preSolution
		Debug|Any CPU = Debug|Any CPU
		Release|Any CPU = Release|Any CPU
	EndGlobalSection
	GlobalSection(ProjectConfigurationPlatforms) = postSolution
		{73E05FDB-6E3E-40F1-87B4-0E92B63A8C4E}.Debug|Any CPU.ActiveCfg = Debug|Any CPU
		{73E05FDB-6E3E-40F1-87B4-0E92B63A8C4E}.Debug|Any CPU.Build.0 = Debug|Any CPU
		{73E05FDB-6E3E-40F1-87B4-0E92B63A8C4E}.Release|Any CPU.ActiveCfg = Release|Any CPU
		{73E05FDB-6E3E-40F1-87B4-0E92B63A8C4E}.Release|Any CPU.Build.0 = Release|Any CPU
	EndGlobalSection
	GlobalSection(SolutionProperties) = preSolution
		HideSolutionNode = FALSE
	EndGlobalSection
	GlobalSection(ExtensibilityGlobals) = postSolution
		SolutionGuid = {555566FC-2F53-4371-9EDF-41FD3C957A9C}
	EndGlobalSection
EndGlobal
